
Microsoft Visual Studio Solution File, Format Version 12.00
# Visual Studio Version 17
VisualStudioVersion = 17.13.35825.156 d17.13
MinimumVisualStudioVersion = 10.0.40219.1
Project("{FAE04EC0-301F-11D3-BF4B-00C04F79EFBC}") = "Second Task", "Second Task.csproj", "{0D5E1391-DD2F-42AE-8F46-4A2512D3B477}"
EndProject
Global
	GlobalSection(SolutionConfigurationPlatforms) = preSolution
		Debug|Any CPU = Debug|Any CPU
		Release|Any CPU = Release|Any CPU
	EndGlobalSection
	GlobalSection(ProjectConfigurationPlatforms) = postSolution
		{0D5E1391-DD2F-42AE-8F46-4A2512D3B477}.Debug|Any CPU.ActiveCfg = Debug|Any CPU
		{0D5E1391-DD2F-42AE-8F46-4A2512D3B477}.Debug|Any CPU.Build.0 = Debug|Any CPU
		{0D5E1391-DD2F-42AE-8F46-4A2512D3B477}.Release|Any CPU.ActiveCfg = Release|Any CPU
		{0D5E1391-DD2F-42AE-8F46-4A2512D3B477}.Release|Any CPU.Build.0 = Release|Any CPU
	EndGlobalSection
	GlobalSection(SolutionProperties) = preSolution
		HideSolutionNode = FALSE
	EndGlobalSection
	GlobalSection(ExtensibilityGlobals) = postSolution
		SolutionGuid = {ADE66992-D22F-4DC7-9C6D-865D8A833754}
	EndGlobalSection
EndGlobal
